
Microsoft Visual Studio Solution File, Format Version 12.00
# Visual Studio Version 16
VisualStudioVersion = 16.0.29306.81
MinimumVisualStudioVersion = 10.0.40219.1
Project("{FAE04EC0-301F-11D3-BF4B-00C04F79EFBC}") = "SQL_Injection", "SQL_Injection\SQL_Injection.csproj", "{AE9CDE31-CC57-423A-9F13-B97073A58EB4}"
EndProject
Global
	GlobalSection(SolutionConfigurationPlatforms) = preSolution
		Debug|Any CPU = Debug|Any CPU
		Release|Any CPU = Release|Any CPU
	EndGlobalSection
	GlobalSection(ProjectConfigurationPlatforms) = postSolution
		{AE9CDE31-CC57-423A-9F13-B97073A58EB4}.Debug|Any CPU.ActiveCfg = Debug|Any CPU
		{AE9CDE31-CC57-423A-9F13-B97073A58EB4}.Debug|Any CPU.Build.0 = Debug|Any CPU
		{AE9CDE31-CC57-423A-9F13-B97073A58EB4}.Release|Any CPU.ActiveCfg = Release|Any CPU
		{AE9CDE31-CC57-423A-9F13-B97073A58EB4}.Release|Any CPU.Build.0 = Release|Any CPU
	EndGlobalSection
	GlobalSection(SolutionProperties) = preSolution
		HideSolutionNode = FALSE
	EndGlobalSection
	GlobalSection(ExtensibilityGlobals) = postSolution
		SolutionGuid = {2A242699-FAC3-4746-9878-C055A2D7D1F9}
	EndGlobalSection
EndGlobal
